
Microsoft Visual Studio Solution File, Format Version 12.00
# Visual Studio Version 17
VisualStudioVersion = 17.3.32901.215
MinimumVisualStudioVersion = 10.0.40219.1
Project("{9A19103F-16F7-4668-BE54-9A1E7A4F7556}") = "Vtitbid.ISP20.Romashov.Console.Objects", "Vtitbid.ISP20.Romashov.Console.Objects\Vtitbid.ISP20.Romashov.Console.Objects.csproj", "{D49544F4-9C73-456C-A605-32A60A1E9B9A}"
EndProject
Project("{9A19103F-16F7-4668-BE54-9A1E7A4F7556}") = "Vtitbid.ISP20.Romashov.Console.Cyphers", "Vtitbid.ISP20.Romashov.Console.Cyphers\Vtitbid.ISP20.Romashov.Console.Cyphers.csproj", "{62319066-0248-4293-9072-A6CD2807365F}"
EndProject
Project("{9A19103F-16F7-4668-BE54-9A1E7A4F7556}") = "Vtitbid.ISP20.Romashov.Console.Functions", "Vtitbid.ISP20.Romashov.Console.Functions\Vtitbid.ISP20.Romashov.Console.Functions.csproj", "{E187135D-AF02-46EF-B30F-2604C7F36384}"
EndProject
Project("{9A19103F-16F7-4668-BE54-9A1E7A4F7556}") = "Vtitbid.ISP20.Romashov.Console.Converter", "Vtitbid.ISP20.Romashov.Console.NumberConvert\Vtitbid.ISP20.Romashov.Console.Converter.csproj", "{3475903A-135B-410C-BF6A-74681A624F7F}"
EndProject
Project("{FAE04EC0-301F-11D3-BF4B-00C04F79EFBC}") = "Vtitbid.ISP20.Romashov.Console.ListReader", "Vtitbid.ISP20.Romashov.Console.ListReader\Vtitbid.ISP20.Romashov.Console.ListReader.csproj", "{ECE56A9D-2CC0-43EE-A5ED-D937BCFA5151}"
EndProject
Global
	GlobalSection(SolutionConfigurationPlatforms) = preSolution
		Debug|Any CPU = Debug|Any CPU
		Release|Any CPU = Release|Any CPU
	EndGlobalSection
	GlobalSection(ProjectConfigurationPlatforms) = postSolution
		{D49544F4-9C73-456C-A605-32A60A1E9B9A}.Debug|Any CPU.ActiveCfg = Debug|Any CPU
		{D49544F4-9C73-456C-A605-32A60A1E9B9A}.Debug|Any CPU.Build.0 = Debug|Any CPU
		{D49544F4-9C73-456C-A605-32A60A1E9B9A}.Release|Any CPU.ActiveCfg = Release|Any CPU
		{D49544F4-9C73-456C-A605-32A60A1E9B9A}.Release|Any CPU.Build.0 = Release|Any CPU
		{62319066-0248-4293-9072-A6CD2807365F}.Debug|Any CPU.ActiveCfg = Debug|Any CPU
		{62319066-0248-4293-9072-A6CD2807365F}.Debug|Any CPU.Build.0 = Debug|Any CPU
		{62319066-0248-4293-9072-A6CD2807365F}.Release|Any CPU.ActiveCfg = Release|Any CPU
		{62319066-0248-4293-9072-A6CD2807365F}.Release|Any CPU.Build.0 = Release|Any CPU
		{E187135D-AF02-46EF-B30F-2604C7F36384}.Debug|Any CPU.ActiveCfg = Debug|Any CPU
		{E187135D-AF02-46EF-B30F-2604C7F36384}.Debug|Any CPU.Build.0 = Debug|Any CPU
		{E187135D-AF02-46EF-B30F-2604C7F36384}.Release|Any CPU.ActiveCfg = Release|Any CPU
		{E187135D-AF02-46EF-B30F-2604C7F36384}.Release|Any CPU.Build.0 = Release|Any CPU
		{3475903A-135B-410C-BF6A-74681A624F7F}.Debug|Any CPU.ActiveCfg = Debug|Any CPU
		{3475903A-135B-410C-BF6A-74681A624F7F}.Debug|Any CPU.Build.0 = Debug|Any CPU
		{3475903A-135B-410C-BF6A-74681A624F7F}.Release|Any CPU.ActiveCfg = Release|Any CPU
		{3475903A-135B-410C-BF6A-74681A624F7F}.Release|Any CPU.Build.0 = Release|Any CPU
		{ECE56A9D-2CC0-43EE-A5ED-D937BCFA5151}.Debug|Any CPU.ActiveCfg = Debug|Any CPU
		{ECE56A9D-2CC0-43EE-A5ED-D937BCFA5151}.Debug|Any CPU.Build.0 = Debug|Any CPU
		{ECE56A9D-2CC0-43EE-A5ED-D937BCFA5151}.Release|Any CPU.ActiveCfg = Release|Any CPU
		{ECE56A9D-2CC0-43EE-A5ED-D937BCFA5151}.Release|Any CPU.Build.0 = Release|Any CPU
	EndGlobalSection
	GlobalSection(SolutionProperties) = preSolution
		HideSolutionNode = FALSE
	EndGlobalSection
	GlobalSection(ExtensibilityGlobals) = postSolution
		SolutionGuid = {868F5A48-86C7-4DDD-86B4-3610287D14A5}
	EndGlobalSection
EndGlobal
